
Microsoft Visual Studio Solution File, Format Version 12.00
# Visual Studio Version 17
VisualStudioVersion = 17.11.35327.3
MinimumVisualStudioVersion = 10.0.40219.1
Project("{8BC9CEB8-8B4A-11D0-8D11-00A0C91BC942}") = "DS lab 8th NOV", "DS lab 8th NOV\DS lab 8th NOV.vcxproj", "{EE9FD3BD-AB9D-4979-B404-D096E0E233AF}"
EndProject
Global
	GlobalSection(SolutionConfigurationPlatforms) = preSolution
		Debug|x64 = Debug|x64
		Debug|x86 = Debug|x86
		Release|x64 = Release|x64
		Release|x86 = Release|x86
	EndGlobalSection
	GlobalSection(ProjectConfigurationPlatforms) = postSolution
		{EE9FD3BD-AB9D-4979-B404-D096E0E233AF}.Debug|x64.ActiveCfg = Debug|x64
		{EE9FD3BD-AB9D-4979-B404-D096E0E233AF}.Debug|x64.Build.0 = Debug|x64
		{EE9FD3BD-AB9D-4979-B404-D096E0E233AF}.Debug|x86.ActiveCfg = Debug|Win32
		{EE9FD3BD-AB9D-4979-B404-D096E0E233AF}.Debug|x86.Build.0 = Debug|Win32
		{EE9FD3BD-AB9D-4979-B404-D096E0E233AF}.Release|x64.ActiveCfg = Release|x64
		{EE9FD3BD-AB9D-4979-B404-D096E0E233AF}.Release|x64.Build.0 = Release|x64
		{EE9FD3BD-AB9D-4979-B404-D096E0E233AF}.Release|x86.ActiveCfg = Release|Win32
		{EE9FD3BD-AB9D-4979-B404-D096E0E233AF}.Release|x86.Build.0 = Release|Win32
	EndGlobalSection
	GlobalSection(SolutionProperties) = preSolution
		HideSolutionNode = FALSE
	EndGlobalSection
	GlobalSection(ExtensibilityGlobals) = postSolution
		SolutionGuid = {E4DF2511-1C60-4172-A3EC-6FAAA7DF09E6}
	EndGlobalSection
EndGlobal
