
Microsoft Visual Studio Solution File, Format Version 12.00
# Visual Studio Version 17
VisualStudioVersion = 17.9.34622.214
MinimumVisualStudioVersion = 10.0.40219.1
Project("{8BC9CEB8-8B4A-11D0-8D11-00A0C91BC942}") = "complex number program", "complex number program\complex number program.vcxproj", "{2B953811-0792-4786-AE81-E76919351737}"
EndProject
Global
	GlobalSection(SolutionConfigurationPlatforms) = preSolution
		Debug|x64 = Debug|x64
		Debug|x86 = Debug|x86
		Release|x64 = Release|x64
		Release|x86 = Release|x86
	EndGlobalSection
	GlobalSection(ProjectConfigurationPlatforms) = postSolution
		{2B953811-0792-4786-AE81-E76919351737}.Debug|x64.ActiveCfg = Debug|x64
		{2B953811-0792-4786-AE81-E76919351737}.Debug|x64.Build.0 = Debug|x64
		{2B953811-0792-4786-AE81-E76919351737}.Debug|x86.ActiveCfg = Debug|Win32
		{2B953811-0792-4786-AE81-E76919351737}.Debug|x86.Build.0 = Debug|Win32
		{2B953811-0792-4786-AE81-E76919351737}.Release|x64.ActiveCfg = Release|x64
		{2B953811-0792-4786-AE81-E76919351737}.Release|x64.Build.0 = Release|x64
		{2B953811-0792-4786-AE81-E76919351737}.Release|x86.ActiveCfg = Release|Win32
		{2B953811-0792-4786-AE81-E76919351737}.Release|x86.Build.0 = Release|Win32
	EndGlobalSection
	GlobalSection(SolutionProperties) = preSolution
		HideSolutionNode = FALSE
	EndGlobalSection
	GlobalSection(ExtensibilityGlobals) = postSolution
		SolutionGuid = {77A0667B-B506-4541-8D9B-BC9E0FD1B4E2}
	EndGlobalSection
EndGlobal
